
Microsoft Visual Studio Solution File, Format Version 12.00
# Visual Studio 2015
Project("{FAE04EC0-301F-11D3-BF4B-00C04F79EFBC}") = "PerMo1and.CSharp.Plugins", "PerMo1and.CSharp.Plugins.csproj", "{180C1975-F406-C914-DF91-96005C74703F}"
EndProject
Project("{FAE04EC0-301F-11D3-BF4B-00C04F79EFBC}") = "PerMo1and.CSharp", "PerMo1and.CSharp.csproj", "{A2A6CD7B-0EFC-149C-8FB4-89D734D4023F}"
EndProject
Project("{FAE04EC0-301F-11D3-BF4B-00C04F79EFBC}") = "PerMo1and.CSharp.Editor", "PerMo1and.CSharp.Editor.csproj", "{B76E2D20-F383-BF68-295F-8F2BF23416F5}"
EndProject
Global
	GlobalSection(SolutionConfigurationPlatforms) = preSolution
		Debug|Any CPU = Debug|Any CPU
		Release|Any CPU = Release|Any CPU
	EndGlobalSection
	GlobalSection(ProjectConfigurationPlatforms) = postSolution
		{180C1975-F406-C914-DF91-96005C74703F}.Debug|Any CPU.ActiveCfg = Debug|Any CPU
		{180C1975-F406-C914-DF91-96005C74703F}.Debug|Any CPU.Build.0 = Debug|Any CPU
		{180C1975-F406-C914-DF91-96005C74703F}.Release|Any CPU.ActiveCfg = Release|Any CPU
		{180C1975-F406-C914-DF91-96005C74703F}.Release|Any CPU.Build.0 = Release|Any CPU
		{A2A6CD7B-0EFC-149C-8FB4-89D734D4023F}.Debug|Any CPU.ActiveCfg = Debug|Any CPU
		{A2A6CD7B-0EFC-149C-8FB4-89D734D4023F}.Debug|Any CPU.Build.0 = Debug|Any CPU
		{A2A6CD7B-0EFC-149C-8FB4-89D734D4023F}.Release|Any CPU.ActiveCfg = Release|Any CPU
		{A2A6CD7B-0EFC-149C-8FB4-89D734D4023F}.Release|Any CPU.Build.0 = Release|Any CPU
		{B76E2D20-F383-BF68-295F-8F2BF23416F5}.Debug|Any CPU.ActiveCfg = Debug|Any CPU
		{B76E2D20-F383-BF68-295F-8F2BF23416F5}.Debug|Any CPU.Build.0 = Debug|Any CPU
		{B76E2D20-F383-BF68-295F-8F2BF23416F5}.Release|Any CPU.ActiveCfg = Release|Any CPU
		{B76E2D20-F383-BF68-295F-8F2BF23416F5}.Release|Any CPU.Build.0 = Release|Any CPU
	EndGlobalSection
	GlobalSection(SolutionProperties) = preSolution
		HideSolutionNode = FALSE
	EndGlobalSection
EndGlobal
